
Microsoft Visual Studio Solution File, Format Version 12.00
# Visual Studio Version 17
VisualStudioVersion = 17.9.34728.123
MinimumVisualStudioVersion = 10.0.40219.1
Project("{9A19103F-16F7-4668-BE54-9A1E7A4F7556}") = "Diary", "Diary\Diary.csproj", "{FD2CFA1D-3B25-475A-A7E9-F81CB2CD632C}"
EndProject
Project("{9A19103F-16F7-4668-BE54-9A1E7A4F7556}") = "Diary.Core", "Domain.Entities\Diary.Core.csproj", "{8D245DAB-3082-4AD6-89FF-0AEE71BE6666}"
EndProject
Project("{9A19103F-16F7-4668-BE54-9A1E7A4F7556}") = "Diary.BusinessLogic", "Diary.BusinessLogic\Diary.BusinessLogic.csproj", "{B100F9F4-837F-4A81-9A7E-F5710E2B4D84}"
EndProject
Project("{9A19103F-16F7-4668-BE54-9A1E7A4F7556}") = "Diary.DataAccess", "Diary.DataAccess\Diary.DataAccess.csproj", "{E31AAE90-B39E-4AA4-8972-B7BBAB424457}"
EndProject
Project("{E53339B2-1760-4266-BCC7-CA923CBCF16C}") = "docker-compose", "docker-compose.dcproj", "{B9BAD50F-18FB-43E3-9B36-B0E9B7F2AD71}"
EndProject
Project("{FAE04EC0-301F-11D3-BF4B-00C04F79EFBC}") = "Magazine.Message", "Magazine.Message\Magazine.Message.csproj", "{307183DB-9A22-4C4C-B202-918804ECF6B2}"
EndProject
Project("{FAE04EC0-301F-11D3-BF4B-00C04F79EFBC}") = "Diary.UnitTests", "Diary.UnitTests\Diary.UnitTests.csproj", "{4FC9B9A5-DE4D-4E21-AD8E-0CACBBCCA04C}"
EndProject
Global
	GlobalSection(SolutionConfigurationPlatforms) = preSolution
		Debug|Any CPU = Debug|Any CPU
		Release|Any CPU = Release|Any CPU
	EndGlobalSection
	GlobalSection(ProjectConfigurationPlatforms) = postSolution
		{FD2CFA1D-3B25-475A-A7E9-F81CB2CD632C}.Debug|Any CPU.ActiveCfg = Debug|Any CPU
		{FD2CFA1D-3B25-475A-A7E9-F81CB2CD632C}.Debug|Any CPU.Build.0 = Debug|Any CPU
		{FD2CFA1D-3B25-475A-A7E9-F81CB2CD632C}.Release|Any CPU.ActiveCfg = Release|Any CPU
		{FD2CFA1D-3B25-475A-A7E9-F81CB2CD632C}.Release|Any CPU.Build.0 = Release|Any CPU
		{8D245DAB-3082-4AD6-89FF-0AEE71BE6666}.Debug|Any CPU.ActiveCfg = Debug|Any CPU
		{8D245DAB-3082-4AD6-89FF-0AEE71BE6666}.Debug|Any CPU.Build.0 = Debug|Any CPU
		{8D245DAB-3082-4AD6-89FF-0AEE71BE6666}.Release|Any CPU.ActiveCfg = Release|Any CPU
		{8D245DAB-3082-4AD6-89FF-0AEE71BE6666}.Release|Any CPU.Build.0 = Release|Any CPU
		{B100F9F4-837F-4A81-9A7E-F5710E2B4D84}.Debug|Any CPU.ActiveCfg = Debug|Any CPU
		{B100F9F4-837F-4A81-9A7E-F5710E2B4D84}.Debug|Any CPU.Build.0 = Debug|Any CPU
		{B100F9F4-837F-4A81-9A7E-F5710E2B4D84}.Release|Any CPU.ActiveCfg = Release|Any CPU
		{B100F9F4-837F-4A81-9A7E-F5710E2B4D84}.Release|Any CPU.Build.0 = Release|Any CPU
		{E31AAE90-B39E-4AA4-8972-B7BBAB424457}.Debug|Any CPU.ActiveCfg = Debug|Any CPU
		{E31AAE90-B39E-4AA4-8972-B7BBAB424457}.Debug|Any CPU.Build.0 = Debug|Any CPU
		{E31AAE90-B39E-4AA4-8972-B7BBAB424457}.Release|Any CPU.ActiveCfg = Release|Any CPU
		{E31AAE90-B39E-4AA4-8972-B7BBAB424457}.Release|Any CPU.Build.0 = Release|Any CPU
		{B9BAD50F-18FB-43E3-9B36-B0E9B7F2AD71}.Debug|Any CPU.ActiveCfg = Debug|Any CPU
		{B9BAD50F-18FB-43E3-9B36-B0E9B7F2AD71}.Debug|Any CPU.Build.0 = Debug|Any CPU
		{B9BAD50F-18FB-43E3-9B36-B0E9B7F2AD71}.Release|Any CPU.ActiveCfg = Release|Any CPU
		{B9BAD50F-18FB-43E3-9B36-B0E9B7F2AD71}.Release|Any CPU.Build.0 = Release|Any CPU
		{307183DB-9A22-4C4C-B202-918804ECF6B2}.Debug|Any CPU.ActiveCfg = Debug|Any CPU
		{307183DB-9A22-4C4C-B202-918804ECF6B2}.Debug|Any CPU.Build.0 = Debug|Any CPU
		{307183DB-9A22-4C4C-B202-918804ECF6B2}.Release|Any CPU.ActiveCfg = Release|Any CPU
		{307183DB-9A22-4C4C-B202-918804ECF6B2}.Release|Any CPU.Build.0 = Release|Any CPU
		{4FC9B9A5-DE4D-4E21-AD8E-0CACBBCCA04C}.Debug|Any CPU.ActiveCfg = Debug|Any CPU
		{4FC9B9A5-DE4D-4E21-AD8E-0CACBBCCA04C}.Debug|Any CPU.Build.0 = Debug|Any CPU
		{4FC9B9A5-DE4D-4E21-AD8E-0CACBBCCA04C}.Release|Any CPU.ActiveCfg = Release|Any CPU
		{4FC9B9A5-DE4D-4E21-AD8E-0CACBBCCA04C}.Release|Any CPU.Build.0 = Release|Any CPU
	EndGlobalSection
	GlobalSection(SolutionProperties) = preSolution
		HideSolutionNode = FALSE
	EndGlobalSection
	GlobalSection(ExtensibilityGlobals) = postSolution
		SolutionGuid = {92FFDC1D-DAA7-495B-8A9F-82C36BB553C7}
	EndGlobalSection
EndGlobal
